dependencies:
- name: postgresql
  repository: https://kubernetes-charts.storage.googleapis.com/
  version: 6.3.6
- name: redis
  repository: https://kubernetes-charts.storage.googleapis.com/
  version: 9.1.9
digest: sha256:cd572e0b63631270304245b3499f1e296354a8c3f31436a03f603f598586b7cc
generated: "2019-09-12T19:30:25.780541-07:00"
